// !$*UTF8*$!
{
	archiveVersion = 1;
	classes = {
	};
	objectVersion = 55;
	objects = {

/* Begin PBXBuildFile section */
		D2183B8A28CA681C0028ACD3 /* AppDelegate.swift in Sources */ = {isa = PBXBuildFile; fileRef = D2183B8928CA681C0028ACD3 /* AppDelegate.swift */; };
		D2183B8C28CA681C0028ACD3 /* SceneDelegate.swift in Sources */ = {isa = PBXBuildFile; fileRef = D2183B8B28CA681C0028ACD3 /* SceneDelegate.swift */; };
		D2183B8E28CA681C0028ACD3 /* ViewController.swift in Sources */ = {isa = PBXBuildFile; fileRef = D2183B8D28CA681C0028ACD3 /* ViewController.swift */; };
		D2183B9328CA681E0028ACD3 /* Assets.xcassets in Resources */ = {isa = PBXBuildFile; fileRef = D2183B9228CA681E0028ACD3 /* Assets.xcassets */; };
		D2183B9628CA681E0028ACD3 /* LaunchScreen.storyboard in Resources */ = {isa = PBXBuildFile; fileRef = D2183B9428CA681E0028ACD3 /* LaunchScreen.storyboard */; };
		D2183BA128CA681E0028ACD3 /* RichTextViewTests.swift in Sources */ = {isa = PBXBuildFile; fileRef = D2183BA028CA681E0028ACD3 /* RichTextViewTests.swift */; };
		D2183BAB28CA681E0028ACD3 /* RichTextViewUITests.swift in Sources */ = {isa = PBXBuildFile; fileRef = D2183BAA28CA681E0028ACD3 /* RichTextViewUITests.swift */; };
		D2183BAD28CA681E0028ACD3 /* RichTextViewUITestsLaunchTests.swift in Sources */ = {isa = PBXBuildFile; fileRef = D2183BAC28CA681E0028ACD3 /* RichTextViewUITestsLaunchTests.swift */; };
		D2183BBB28CA68E70028ACD3 /* RichTextView.swift in Sources */ = {isa = PBXBuildFile; fileRef = D2183BBA28CA68E70028ACD3 /* RichTextView.swift */; };
/* End PBXBuildFile section */

/* Begin PBXContainerItemProxy section */
		D2183B9D28CA681E0028ACD3 /* PBXContainerItemProxy */ = {
			isa = PBXContainerItemProxy;
			containerPortal = D2183B7E28CA681C0028ACD3 /* Project object */;
			proxyType = 1;
			remoteGlobalIDString = D2183B8528CA681C0028ACD3;
			remoteInfo = RichTextView;
		};
		D2183BA728CA681E0028ACD3 /* PBXContainerItemProxy */ = {
			isa = PBXContainerItemProxy;
			containerPortal = D2183B7E28CA681C0028ACD3 /* Project object */;
			proxyType = 1;
			remoteGlobalIDString = D2183B8528CA681C0028ACD3;
			remoteInfo = RichTextView;
		};
/* End PBXContainerItemProxy section */

/* Begin PBXFileReference section */
		D2183B8628CA681C0028ACD3 /* RichTextView.app */ = {isa = PBXFileReference; explicitFileType = wrapper.application; includeInIndex = 0; path = RichTextView.app; sourceTree = BUILT_PRODUCTS_DIR; };
		D2183B8928CA681C0028ACD3 /* AppDelegate.swift */ = {isa = PBXFileReference; lastKnownFileType = sourcecode.swift; path = AppDelegate.swift; sourceTree = "<group>"; };
		D2183B8B28CA681C0028ACD3 /* SceneDelegate.swift */ = {isa = PBXFileReference; lastKnownFileType = sourcecode.swift; path = SceneDelegate.swift; sourceTree = "<group>"; };
		D2183B8D28CA681C0028ACD3 /* ViewController.swift */ = {isa = PBXFileReference; lastKnownFileType = sourcecode.swift; path = ViewController.swift; sourceTree = "<group>"; };
		D2183B9228CA681E0028ACD3 /* Assets.xcassets */ = {isa = PBXFileReference; lastKnownFileType = folder.assetcatalog; path = Assets.xcassets; sourceTree = "<group>"; };
		D2183B9528CA681E0028ACD3 /* Base */ = {isa = PBXFileReference; lastKnownFileType = file.storyboard; name = Base; path = Base.lproj/LaunchScreen.storyboard; sourceTree = "<group>"; };
		D2183B9728CA681E0028ACD3 /* Info.plist */ = {isa = PBXFileReference; lastKnownFileType = text.plist.xml; path = Info.plist; sourceTree = "<group>"; };
		D2183B9C28CA681E0028ACD3 /* RichTextViewTests.xctest */ = {isa = PBXFileReference; explicitFileType = wrapper.cfbundle; includeInIndex = 0; path = RichTextViewTests.xctest; sourceTree = BUILT_PRODUCTS_DIR; };
		D2183BA028CA681E0028ACD3 /* RichTextViewTests.swift */ = {isa = PBXFileReference; lastKnownFileType = sourcecode.swift; path = RichTextViewTests.swift; sourceTree = "<group>"; };
		D2183BA628CA681E0028ACD3 /* RichTextViewUITests.xctest */ = {isa = PBXFileReference; explicitFileType = wrapper.cfbundle; includeInIndex = 0; path = RichTextViewUITests.xctest; sourceTree = BUILT_PRODUCTS_DIR; };
		D2183BAA28CA681E0028ACD3 /* RichTextViewUITests.swift */ = {isa = PBXFileReference; lastKnownFileType = sourcecode.swift; path = RichTextViewUITests.swift; sourceTree = "<group>"; };
		D2183BAC28CA681E0028ACD3 /* RichTextViewUITestsLaunchTests.swift */ = {isa = PBXFileReference; lastKnownFileType = sourcecode.swift; path = RichTextViewUITestsLaunchTests.swift; sourceTree = "<group>"; };
		D2183BBA28CA68E70028ACD3 /* RichTextView.swift */ = {isa = PBXFileReference; lastKnownFileType = sourcecode.swift; path = RichTextView.swift; sourceTree = "<group>"; };
		D293B251296510FC0047EE66 /* README.md */ = {isa = PBXFileReference; lastKnownFileType = net.daringfireball.markdown; path = README.md; sourceTree = "<group>"; };
		D293B253296518130047EE66 /* screenshot.png */ = {isa = PBXFileReference; lastKnownFileType = image.png; path = screenshot.png; sourceTree = "<group>"; };
		D293B255296519130047EE66 /* richtextviewinaction.gif */ = {isa = PBXFileReference; lastKnownFileType = image.gif; path = richtextviewinaction.gif; sourceTree = "<group>"; };
		D293B25629651CC10047EE66 /* License.md */ = {isa = PBXFileReference; lastKnownFileType = net.daringfireball.markdown; path = License.md; sourceTree = "<group>"; };
/* End PBXFileReference section */

/* Begin PBXFrameworksBuildPhase section */
		D2183B8328CA681C0028ACD3 /* Frameworks */ = {
			isa = PBXFrameworksBuildPhase;
			buildActionMask = 2147483647;
			files = (
			);
			runOnlyForDeploymentPostprocessing = 0;
		};
		D2183B9928CA681E0028ACD3 /* Frameworks */ = {
			isa = PBXFrameworksBuildPhase;
			buildActionMask = 2147483647;
			files = (
			);
			runOnlyForDeploymentPostprocessing = 0;
		};
		D2183BA328CA681E0028ACD3 /* Frameworks */ = {
			isa = PBXFrameworksBuildPhase;
			buildActionMask = 2147483647;
			files = (
			);
			runOnlyForDeploymentPostprocessing = 0;
		};
/* End PBXFrameworksBuildPhase section */

/* Begin PBXGroup section */
		D2183B7D28CA681C0028ACD3 = {
			isa = PBXGroup;
			children = (
				D293B25629651CC10047EE66 /* License.md */,
				D293B251296510FC0047EE66 /* README.md */,
				D293B252296517B30047EE66 /* Other */,
				D2183B8828CA681C0028ACD3 /* RichTextView */,
				D2183B9F28CA681E0028ACD3 /* RichTextViewTests */,
				D2183BA928CA681E0028ACD3 /* RichTextViewUITests */,
				D2183B8728CA681C0028ACD3 /* Products */,
			);
			sourceTree = "<group>";
		};
		D2183B8728CA681C0028ACD3 /* Products */ = {
			isa = PBXGroup;
			children = (
				D2183B8628CA681C0028ACD3 /* RichTextView.app */,
				D2183B9C28CA681E0028ACD3 /* RichTextViewTests.xctest */,
				D2183BA628CA681E0028ACD3 /* RichTextViewUITests.xctest */,
			);
			name = Products;
			sourceTree = "<group>";
		};
		D2183B8828CA681C0028ACD3 /* RichTextView */ = {
			isa = PBXGroup;
			children = (
				D2183BB928CA68D40028ACD3 /* RichTextView */,
				D2183B8928CA681C0028ACD3 /* AppDelegate.swift */,
				D2183B8B28CA681C0028ACD3 /* SceneDelegate.swift */,
				D2183B8D28CA681C0028ACD3 /* ViewController.swift */,
				D2183B9228CA681E0028ACD3 /* Assets.xcassets */,
				D2183B9428CA681E0028ACD3 /* LaunchScreen.storyboard */,
				D2183B9728CA681E0028ACD3 /* Info.plist */,
			);
			path = RichTextView;
			sourceTree = "<group>";
		};
		D2183B9F28CA681E0028ACD3 /* RichTextViewTests */ = {
			isa = PBXGroup;
			children = (
				D2183BA028CA681E0028ACD3 /* RichTextViewTests.swift */,
			);
			path = RichTextViewTests;
			sourceTree = "<group>";
		};
		D2183BA928CA681E0028ACD3 /* RichTextViewUITests */ = {
			isa = PBXGroup;
			children = (
				D2183BAA28CA681E0028ACD3 /* RichTextViewUITests.swift */,
				D2183BAC28CA681E0028ACD3 /* RichTextViewUITestsLaunchTests.swift */,
			);
			path = RichTextViewUITests;
			sourceTree = "<group>";
		};
		D2183BB928CA68D40028ACD3 /* RichTextView */ = {
			isa = PBXGroup;
			children = (
				D2183BBA28CA68E70028ACD3 /* RichTextView.swift */,
			);
			path = RichTextView;
			sourceTree = "<group>";
		};
		D293B252296517B30047EE66 /* Other */ = {
			isa = PBXGroup;
			children = (
				D293B253296518130047EE66 /* screenshot.png */,
				D293B255296519130047EE66 /* richtextviewinaction.gif */,
			);
			path = Other;
			sourceTree = "<group>";
		};
/* End PBXGroup section */

/* Begin PBXNativeTarget section */
		D2183B8528CA681C0028ACD3 /* RichTextView */ = {
			isa = PBXNativeTarget;
			buildConfigurationList = D2183BB028CA681E0028ACD3 /* Build configuration list for PBXNativeTarget "RichTextView" */;
			buildPhases = (
				D2183B8228CA681C0028ACD3 /* Sources */,
				D2183B8328CA681C0028ACD3 /* Frameworks */,
				D2183B8428CA681C0028ACD3 /* Resources */,
			);
			buildRules = (
			);
			dependencies = (
			);
			name = RichTextView;
			productName = RichTextView;
			productReference = D2183B8628CA681C0028ACD3 /* RichTextView.app */;
			productType = "com.apple.product-type.application";
		};
		D2183B9B28CA681E0028ACD3 /* RichTextViewTests */ = {
			isa = PBXNativeTarget;
			buildConfigurationList = D2183BB328CA681E0028ACD3 /* Build configuration list for PBXNativeTarget "RichTextViewTests" */;
			buildPhases = (
				D2183B9828CA681E0028ACD3 /* Sources */,
				D2183B9928CA681E0028ACD3 /* Frameworks */,
				D2183B9A28CA681E0028ACD3 /* Resources */,
			);
			buildRules = (
			);
			dependencies = (
				D2183B9E28CA681E0028ACD3 /* PBXTargetDependency */,
			);
			name = RichTextViewTests;
			productName = RichTextViewTests;
			productReference = D2183B9C28CA681E0028ACD3 /* RichTextViewTests.xctest */;
			productType = "com.apple.product-type.bundle.unit-test";
		};
		D2183BA528CA681E0028ACD3 /* RichTextViewUITests */ = {
			isa = PBXNativeTarget;
			buildConfigurationList = D2183BB628CA681E0028ACD3 /* Build configuration list for PBXNativeTarget "RichTextViewUITests" */;
			buildPhases = (
				D2183BA228CA681E0028ACD3 /* Sources */,
				D2183BA328CA681E0028ACD3 /* Frameworks */,
				D2183BA428CA681E0028ACD3 /* Resources */,
			);
			buildRules = (
			);
			dependencies = (
				D2183BA828CA681E0028ACD3 /* PBXTargetDependency */,
			);
			name = RichTextViewUITests;
			productName = RichTextViewUITests;
			productReference = D2183BA628CA681E0028ACD3 /* RichTextViewUITests.xctest */;
			productType = "com.apple.product-type.bundle.ui-testing";
		};
/* End PBXNativeTarget section */

/* Begin PBXProject section */
		D2183B7E28CA681C0028ACD3 /* Project object */ = {
			isa = PBXProject;
			attributes = {
				BuildIndependentTargetsInParallel = 1;
				LastSwiftUpdateCheck = 1340;
				LastUpgradeCheck = 1340;
				TargetAttributes = {
					D2183B8528CA681C0028ACD3 = {
						CreatedOnToolsVersion = 13.4.1;
					};
					D2183B9B28CA681E0028ACD3 = {
						CreatedOnToolsVersion = 13.4.1;
						TestTargetID = D2183B8528CA681C0028ACD3;
					};
					D2183BA528CA681E0028ACD3 = {
						CreatedOnToolsVersion = 13.4.1;
						TestTargetID = D2183B8528CA681C0028ACD3;
					};
				};
			};
			buildConfigurationList = D2183B8128CA681C0028ACD3 /* Build configuration list for PBXProject "RichTextView" */;
			compatibilityVersion = "Xcode 13.0";
			developmentRegion = en;
			hasScannedForEncodings = 0;
			knownRegions = (
				en,
				Base,
			);
			mainGroup = D2183B7D28CA681C0028ACD3;
			productRefGroup = D2183B8728CA681C0028ACD3 /* Products */;
			projectDirPath = "";
			projectRoot = "";
			targets = (
				D2183B8528CA681C0028ACD3 /* RichTextView */,
				D2183B9B28CA681E0028ACD3 /* RichTextViewTests */,
				D2183BA528CA681E0028ACD3 /* RichTextViewUITests */,
			);
		};
/* End PBXProject section */

/* Begin PBXResourcesBuildPhase section */
		D2183B8428CA681C0028ACD3 /* Resources */ = {
			isa = PBXResourcesBuildPhase;
			buildActionMask = 2147483647;
			files = (
				D2183B9628CA681E0028ACD3 /* LaunchScreen.storyboard in Resources */,
				D2183B9328CA681E0028ACD3 /* Assets.xcassets in Resources */,
			);
			runOnlyForDeploymentPostprocessing = 0;
		};
		D2183B9A28CA681E0028ACD3 /* Resources */ = {
			isa = PBXResourcesBuildPhase;
			buildActionMask = 2147483647;
			files = (
			);
			runOnlyForDeploymentPostprocessing = 0;
		};
		D2183BA428CA681E0028ACD3 /* Resources */ = {
			isa = PBXResourcesBuildPhase;
			buildActionMask = 2147483647;
			files = (
			);
			runOnlyForDeploymentPostprocessing = 0;
		};
/* End PBXResourcesBuildPhase section */

/* Begin PBXSourcesBuildPhase section */
		D2183B8228CA681C0028ACD3 /* Sources */ = {
			isa = PBXSourcesBuildPhase;
			buildActionMask = 2147483647;
			files = (
				D2183B8E28CA681C0028ACD3 /* ViewController.swift in Sources */,
				D2183B8A28CA681C0028ACD3 /* AppDelegate.swift in Sources */,
				D2183B8C28CA681C0028ACD3 /* SceneDelegate.swift in Sources */,
				D2183BBB28CA68E70028ACD3 /* RichTextView.swift in Sources */,
			);
			runOnlyForDeploymentPostprocessing = 0;
		};
		D2183B9828CA681E0028ACD3 /* Sources */ = {
			isa = PBXSourcesBuildPhase;
			buildActionMask = 2147483647;
			files = (
				D2183BA128CA681E0028ACD3 /* RichTextViewTests.swift in Sources */,
			);
			runOnlyForDeploymentPostprocessing = 0;
		};
		D2183BA228CA681E0028ACD3 /* Sources */ = {
			isa = PBXSourcesBuildPhase;
			buildActionMask = 2147483647;
			files = (
				D2183BAD28CA681E0028ACD3 /* RichTextViewUITestsLaunchTests.swift in Sources */,
				D2183BAB28CA681E0028ACD3 /* RichTextViewUITests.swift in Sources */,
			);
			runOnlyForDeploymentPostprocessing = 0;
		};
/* End PBXSourcesBuildPhase section */

/* Begin PBXTargetDependency section */
		D2183B9E28CA681E0028ACD3 /* PBXTargetDependency */ = {
			isa = PBXTargetDependency;
			target = D2183B8528CA681C0028ACD3 /* RichTextView */;
			targetProxy = D2183B9D28CA681E0028ACD3 /* PBXContainerItemProxy */;
		};
		D2183BA828CA681E0028ACD3 /* PBXTargetDependency */ = {
			isa = PBXTargetDependency;
			target = D2183B8528CA681C0028ACD3 /* RichTextView */;
			targetProxy = D2183BA728CA681E0028ACD3 /* PBXContainerItemProxy */;
		};
/* End PBXTargetDependency section */

/* Begin PBXVariantGroup section */
		D2183B9428CA681E0028ACD3 /* LaunchScreen.storyboard */ = {
			isa = PBXVariantGroup;
			children = (
				D2183B9528CA681E0028ACD3 /* Base */,
			);
			name = LaunchScreen.storyboard;
			sourceTree = "<group>";
		};
/* End PBXVariantGroup section */

/* Begin XCBuildConfiguration section */
		D2183BAE28CA681E0028ACD3 /* Debug */ = {
			isa = XCBuildConfiguration;
			buildSettings = {
				ALWAYS_SEARCH_USER_PATHS = NO;
				CLANG_ANALYZER_NONNULL = YES;
				CLANG_ANALYZER_NUMBER_OBJECT_CONVERSION = YES_AGGRESSIVE;
				CLANG_CXX_LANGUAGE_STANDARD = "gnu++17";
				CLANG_ENABLE_MODULES = YES;
				CLANG_ENABLE_OBJC_ARC = YES;
				CLANG_ENABLE_OBJC_WEAK = YES;
				CLANG_WARN_BLOCK_CAPTURE_AUTORELEASING = YES;
				CLANG_WARN_BOOL_CONVERSION = YES;
				CLANG_WARN_COMMA = YES;
				CLANG_WARN_CONSTANT_CONVERSION = YES;
				CLANG_WARN_DEPRECATED_OBJC_IMPLEMENTATIONS = YES;
				CLANG_WARN_DIRECT_OBJC_ISA_USAGE = YES_ERROR;
				CLANG_WARN_DOCUMENTATION_COMMENTS = YES;
				CLANG_WARN_EMPTY_BODY = YES;
				CLANG_WARN_ENUM_CONVERSION = YES;
				CLANG_WARN_INFINITE_RECURSION = YES;
				CLANG_WARN_INT_CONVERSION = YES;
				CLANG_WARN_NON_LITERAL_NULL_CONVERSION = YES;
				CLANG_WARN_OBJC_IMPLICIT_RETAIN_SELF = YES;
				CLANG_WARN_OBJC_LITERAL_CONVERSION = YES;
				CLANG_WARN_OBJC_ROOT_CLASS = YES_ERROR;
				CLANG_WARN_QUOTED_INCLUDE_IN_FRAMEWORK_HEADER = YES;
				CLANG_WARN_RANGE_LOOP_ANALYSIS = YES;
				CLANG_WARN_STRICT_PROTOTYPES = YES;
				CLANG_WARN_SUSPICIOUS_MOVE = YES;
				CLANG_WARN_UNGUARDED_AVAILABILITY = YES_AGGRESSIVE;
				CLANG_WARN_UNREACHABLE_CODE = YES;
				CLANG_WARN__DUPLICATE_METHOD_MATCH = YES;
				COPY_PHASE_STRIP = NO;
				DEBUG_INFORMATION_FORMAT = dwarf;
				ENABLE_STRICT_OBJC_MSGSEND = YES;
				ENABLE_TESTABILITY = YES;
				GCC_C_LANGUAGE_STANDARD = gnu11;
				GCC_DYNAMIC_NO_PIC = NO;
				GCC_NO_COMMON_BLOCKS = YES;
				GCC_OPTIMIZATION_LEVEL = 0;
				GCC_PREPROCESSOR_DEFINITIONS = (
					"DEBUG=1",
					"$(inherited)",
				);
				GCC_WARN_64_TO_32_BIT_CONVERSION = YES;
				GCC_WARN_ABOUT_RETURN_TYPE = YES_ERROR;
				GCC_WARN_UNDECLARED_SELECTOR = YES;
				GCC_WARN_UNINITIALIZED_AUTOS = YES_AGGRESSIVE;
				GCC_WARN_UNUSED_FUNCTION = YES;
				GCC_WARN_UNUSED_VARIABLE = YES;
				IPHONEOS_DEPLOYMENT_TARGET = 15.5;
				MTL_ENABLE_DEBUG_INFO = INCLUDE_SOURCE;
				MTL_FAST_MATH = YES;
				ONLY_ACTIVE_ARCH = YES;
				SDKROOT = iphoneos;
				SWIFT_ACTIVE_COMPILATION_CONDITIONS = DEBUG;
				SWIFT_OPTIMIZATION_LEVEL = "-Onone";
			};
			name = Debug;
		};
		D2183BAF28CA681E0028ACD3 /* Release */ = {
			isa = XCBuildConfiguration;
			buildSettings = {
				ALWAYS_SEARCH_USER_PATHS = NO;
				CLANG_ANALYZER_NONNULL = YES;
				CLANG_ANALYZER_NUMBER_OBJECT_CONVERSION = YES_AGGRESSIVE;
				CLANG_CXX_LANGUAGE_STANDARD = "gnu++17";
				CLANG_ENABLE_MODULES = YES;
				CLANG_ENABLE_OBJC_ARC = YES;
				CLANG_ENABLE_OBJC_WEAK = YES;
				CLANG_WARN_BLOCK_CAPTURE_AUTORELEASING = YES;
				CLANG_WARN_BOOL_CONVERSION = YES;
				CLANG_WARN_COMMA = YES;
				CLANG_WARN_CONSTANT_CONVERSION = YES;
				CLANG_WARN_DEPRECATED_OBJC_IMPLEMENTATIONS = YES;
				CLANG_WARN_DIRECT_OBJC_ISA_USAGE = YES_ERROR;
				CLANG_WARN_DOCUMENTATION_COMMENTS = YES;
				CLANG_WARN_EMPTY_BODY = YES;
				CLANG_WARN_ENUM_CONVERSION = YES;
				CLANG_WARN_INFINITE_RECURSION = YES;
				CLANG_WARN_INT_CONVERSION = YES;
				CLANG_WARN_NON_LITERAL_NULL_CONVERSION = YES;
				CLANG_WARN_OBJC_IMPLICIT_RETAIN_SELF = YES;
				CLANG_WARN_OBJC_LITERAL_CONVERSION = YES;
				CLANG_WARN_OBJC_ROOT_CLASS = YES_ERROR;
				CLANG_WARN_QUOTED_INCLUDE_IN_FRAMEWORK_HEADER = YES;
				CLANG_WARN_RANGE_LOOP_ANALYSIS = YES;
				CLANG_WARN_STRICT_PROTOTYPES = YES;
				CLANG_WARN_SUSPICIOUS_MOVE = YES;
				CLANG_WARN_UNGUARDED_AVAILABILITY = YES_AGGRESSIVE;
				CLANG_WARN_UNREACHABLE_CODE = YES;
				CLANG_WARN__DUPLICATE_METHOD_MATCH = YES;
				COPY_PHASE_STRIP = NO;
				DEBUG_INFORMATION_FORMAT = "dwarf-with-dsym";
				ENABLE_NS_ASSERTIONS = NO;
				ENABLE_STRICT_OBJC_MSGSEND = YES;
				GCC_C_LANGUAGE_STANDARD = gnu11;
				GCC_NO_COMMON_BLOCKS = YES;
				GCC_WARN_64_TO_32_BIT_CONVERSION = YES;
				GCC_WARN_ABOUT_RETURN_TYPE = YES_ERROR;
				GCC_WARN_UNDECLARED_SELECTOR = YES;
				GCC_WARN_UNINITIALIZED_AUTOS = YES_AGGRESSIVE;
				GCC_WARN_UNUSED_FUNCTION = YES;
				GCC_WARN_UNUSED_VARIABLE = YES;
				IPHONEOS_DEPLOYMENT_TARGET = 15.5;
				MTL_ENABLE_DEBUG_INFO = NO;
				MTL_FAST_MATH = YES;
				SDKROOT = iphoneos;
				SWIFT_COMPILATION_MODE = wholemodule;
				SWIFT_OPTIMIZATION_LEVEL = "-O";
				VALIDATE_PRODUCT = YES;
			};
			name = Release;
		};
		D2183BB128CA681E0028ACD3 /* Debug */ = {
			isa = XCBuildConfiguration;
			buildSettings = {
				ASSETCATALOG_COMPILER_APPICON_NAME = AppIcon;
				ASSETCATALOG_COMPILER_GLOBAL_ACCENT_COLOR_NAME = AccentColor;
				CODE_SIGN_STYLE = Automatic;
				CURRENT_PROJECT_VERSION = 1;
				DEVELOPMENT_TEAM = PF5SG3LUHB;
				GENERATE_INFOPLIST_FILE = YES;
				INFOPLIST_FILE = RichTextView/Info.plist;
				INFOPLIST_KEY_UIApplicationSupportsIndirectInputEvents = YES;
				INFOPLIST_KEY_UILaunchStoryboardName = LaunchScreen;
				INFOPLIST_KEY_UISupportedInterfaceOrientations = UIInterfaceOrientationPortrait;
				INFOPLIST_KEY_UISupportedInterfaceOrientations_iPad = "UIInterfaceOrientationPortrait UIInterfaceOrientationPortraitUpsideDown UIInterfaceOrientationLandscapeLeft UIInterfaceOrientationLandscapeRight";
				INFOPLIST_KEY_UISupportedInterfaceOrientations_iPhone = "UIInterfaceOrientationPortrait UIInterfaceOrientationLandscapeLeft UIInterfaceOrientationLandscapeRight";
				LD_RUNPATH_SEARCH_PATHS = (
					"$(inherited)",
					"@executable_path/Frameworks",
				);
				MARKETING_VERSION = 1.0;
				PRODUCT_BUNDLE_IDENTIFIER = com.loniello.RichTextView;
				PRODUCT_NAME = "$(TARGET_NAME)";
				SWIFT_EMIT_LOC_STRINGS = YES;
				SWIFT_VERSION = 5.0;
				TARGETED_DEVICE_FAMILY = 1;
			};
			name = Debug;
		};
		D2183BB228CA681E0028ACD3 /* Release */ = {
			isa = XCBuildConfiguration;
			buildSettings = {
				ASSETCATALOG_COMPILER_APPICON_NAME = AppIcon;
				ASSETCATALOG_COMPILER_GLOBAL_ACCENT_COLOR_NAME = AccentColor;
				CODE_SIGN_STYLE = Automatic;
				CURRENT_PROJECT_VERSION = 1;
				DEVELOPMENT_TEAM = PF5SG3LUHB;
				GENERATE_INFOPLIST_FILE = YES;
				INFOPLIST_FILE = RichTextView/Info.plist;
				INFOPLIST_KEY_UIApplicationSupportsIndirectInputEvents = YES;
				INFOPLIST_KEY_UILaunchStoryboardName = LaunchScreen;
				INFOPLIST_KEY_UISupportedInterfaceOrientations = UIInterfaceOrientationPortrait;
				INFOPLIST_KEY_UISupportedInterfaceOrientations_iPad = "UIInterfaceOrientationPortrait UIInterfaceOrientationPortraitUpsideDown UIInterfaceOrientationLandscapeLeft UIInterfaceOrientationLandscapeRight";
				INFOPLIST_KEY_UISupportedInterfaceOrientations_iPhone = "UIInterfaceOrientationPortrait UIInterfaceOrientationLandscapeLeft UIInterfaceOrientationLandscapeRight";
				LD_RUNPATH_SEARCH_PATHS = (
					"$(inherited)",
					"@executable_path/Frameworks",
				);
				MARKETING_VERSION = 1.0;
				PRODUCT_BUNDLE_IDENTIFIER = com.loniello.RichTextView;
				PRODUCT_NAME = "$(TARGET_NAME)";
				SWIFT_EMIT_LOC_STRINGS = YES;
				SWIFT_VERSION = 5.0;
				TARGETED_DEVICE_FAMILY = 1;
			};
			name = Release;
		};
		D2183BB428CA681E0028ACD3 /* Debug */ = {
			isa = XCBuildConfiguration;
			buildSettings = {
				ALWAYS_EMBED_SWIFT_STANDARD_LIBRARIES = YES;
				BUNDLE_LOADER = "$(TEST_HOST)";
				CODE_SIGN_STYLE = Automatic;
				CURRENT_PROJECT_VERSION = 1;
				DEVELOPMENT_TEAM = PF5SG3LUHB;
				GENERATE_INFOPLIST_FILE = YES;
				IPHONEOS_DEPLOYMENT_TARGET = 15.5;
				MARKETING_VERSION = 1.0;
				PRODUCT_BUNDLE_IDENTIFIER = com.loniello.RichTextViewTests;
				PRODUCT_NAME = "$(TARGET_NAME)";
				SWIFT_EMIT_LOC_STRINGS = NO;
				SWIFT_VERSION = 5.0;
				TARGETED_DEVICE_FAMILY = "1,2";
				TEST_HOST = "$(BUILT_PRODUCTS_DIR)/RichTextView.app/RichTextView";
			};
			name = Debug;
		};
		D2183BB528CA681E0028ACD3 /* Release */ = {
			isa = XCBuildConfiguration;
			buildSettings = {
				ALWAYS_EMBED_SWIFT_STANDARD_LIBRARIES = YES;
				BUNDLE_LOADER = "$(TEST_HOST)";
				CODE_SIGN_STYLE = Automatic;
				CURRENT_PROJECT_VERSION = 1;
				DEVELOPMENT_TEAM = PF5SG3LUHB;
				GENERATE_INFOPLIST_FILE = YES;
				IPHONEOS_DEPLOYMENT_TARGET = 15.5;
				MARKETING_VERSION = 1.0;
				PRODUCT_BUNDLE_IDENTIFIER = com.loniello.RichTextViewTests;
				PRODUCT_NAME = "$(TARGET_NAME)";
				SWIFT_EMIT_LOC_STRINGS = NO;
				SWIFT_VERSION = 5.0;
				TARGETED_DEVICE_FAMILY = "1,2";
				TEST_HOST = "$(BUILT_PRODUCTS_DIR)/RichTextView.app/RichTextView";
			};
			name = Release;
		};
		D2183BB728CA681E0028ACD3 /* Debug */ = {
			isa = XCBuildConfiguration;
			buildSettings = {
				ALWAYS_EMBED_SWIFT_STANDARD_LIBRARIES = YES;
				CODE_SIGN_STYLE = Automatic;
				CURRENT_PROJECT_VERSION = 1;
				DEVELOPMENT_TEAM = PF5SG3LUHB;
				GENERATE_INFOPLIST_FILE = YES;
				MARKETING_VERSION = 1.0;
				PRODUCT_BUNDLE_IDENTIFIER = com.loniello.RichTextViewUITests;
				PRODUCT_NAME = "$(TARGET_NAME)";
				SWIFT_EMIT_LOC_STRINGS = NO;
				SWIFT_VERSION = 5.0;
				TARGETED_DEVICE_FAMILY = "1,2";
				TEST_TARGET_NAME = RichTextView;
			};
			name = Debug;
		};
		D2183BB828CA681E0028ACD3 /* Release */ = {
			isa = XCBuildConfiguration;
			buildSettings = {
				ALWAYS_EMBED_SWIFT_STANDARD_LIBRARIES = YES;
				CODE_SIGN_STYLE = Automatic;
				CURRENT_PROJECT_VERSION = 1;
				DEVELOPMENT_TEAM = PF5SG3LUHB;
				GENERATE_INFOPLIST_FILE = YES;
				MARKETING_VERSION = 1.0;
				PRODUCT_BUNDLE_IDENTIFIER = com.loniello.RichTextViewUITests;
				PRODUCT_NAME = "$(TARGET_NAME)";
				SWIFT_EMIT_LOC_STRINGS = NO;
				SWIFT_VERSION = 5.0;
				TARGETED_DEVICE_FAMILY = "1,2";
				TEST_TARGET_NAME = RichTextView;
			};
			name = Release;
		};
/* End XCBuildConfiguration section */

/* Begin XCConfigurationList section */
		D2183B8128CA681C0028ACD3 /* Build configuration list for PBXProject "RichTextView" */ = {
			isa = XCConfigurationList;
			buildConfigurations = (
				D2183BAE28CA681E0028ACD3 /* Debug */,
				D2183BAF28CA681E0028ACD3 /* Release */,
			);
			defaultConfigurationIsVisible = 0;
			defaultConfigurationName = Release;
		};
		D2183BB028CA681E0028ACD3 /* Build configuration list for PBXNativeTarget "RichTextView" */ = {
			isa = XCConfigurationList;
			buildConfigurations = (
				D2183BB128CA681E0028ACD3 /* Debug */,
				D2183BB228CA681E0028ACD3 /* Release */,
			);
			defaultConfigurationIsVisible = 0;
			defaultConfigurationName = Release;
		};
		D2183BB328CA681E0028ACD3 /* Build configuration list for PBXNativeTarget "RichTextViewTests" */ = {
			isa = XCConfigurationList;
			buildConfigurations = (
				D2183BB428CA681E0028ACD3 /* Debug */,
				D2183BB528CA681E0028ACD3 /* Release */,
			);
			defaultConfigurationIsVisible = 0;
			defaultConfigurationName = Release;
		};
		D2183BB628CA681E0028ACD3 /* Build configuration list for PBXNativeTarget "RichTextViewUITests" */ = {
			isa = XCConfigurationList;
			buildConfigurations = (
				D2183BB728CA681E0028ACD3 /* Debug */,
				D2183BB828CA681E0028ACD3 /* Release */,
			);
			defaultConfigurationIsVisible = 0;
			defaultConfigurationName = Release;
		};
/* End XCConfigurationList section */
	};
	rootObject = D2183B7E28CA681C0028ACD3 /* Project object */;
}
